
Microsoft Visual Studio Solution File, Format Version 12.00
# Visual Studio Version 17
VisualStudioVersion = 17.9.34607.119
MinimumVisualStudioVersion = 10.0.40219.1
Project("{FAE04EC0-301F-11D3-BF4B-00C04F79EFBC}") = "CMCS", "CMCS.csproj", "{2073CB5B-6ECA-4375-811A-E6ECC54FC41A}"
EndProject
Global
	GlobalSection(SolutionConfigurationPlatforms) = preSolution
		Debug|Any CPU = Debug|Any CPU
		Release|Any CPU = Release|Any CPU
	EndGlobalSection
	GlobalSection(ProjectConfigurationPlatforms) = postSolution
		{2073CB5B-6ECA-4375-811A-E6ECC54FC41A}.Debug|Any CPU.ActiveCfg = Debug|Any CPU
		{2073CB5B-6ECA-4375-811A-E6ECC54FC41A}.Debug|Any CPU.Build.0 = Debug|Any CPU
		{2073CB5B-6ECA-4375-811A-E6ECC54FC41A}.Release|Any CPU.ActiveCfg = Release|Any CPU
		{2073CB5B-6ECA-4375-811A-E6ECC54FC41A}.Release|Any CPU.Build.0 = Release|Any CPU
	EndGlobalSection
	GlobalSection(SolutionProperties) = preSolution
		HideSolutionNode = FALSE
	EndGlobalSection
	GlobalSection(ExtensibilityGlobals) = postSolution
		SolutionGuid = {028F16F7-C172-4186-8F38-3A19D16E15E9}
	EndGlobalSection
EndGlobal
